// !$*UTF8*$!
{
	archiveVersion = 1;
	classes = {
	};
	objectVersion = 55;
	objects = {

/* Begin PBXBuildFile section */
		470D391627D640B3007F01E0 /* HelpGuideViewController.swift in Sources */ = {isa = PBXBuildFile; fileRef = 470D391527D640B3007F01E0 /* HelpGuideViewController.swift */; };
		4744FC8727D5604D001C9FC7 /* CompoundSavingViewController.swift in Sources */ = {isa = PBXBuildFile; fileRef = 4744FC8627D5604D001C9FC7 /* CompoundSavingViewController.swift */; };
		474BB2CE27D278E7005FB09B /* AppDelegate.swift in Sources */ = {isa = PBXBuildFile; fileRef = 474BB2CD27D278E7005FB09B /* AppDelegate.swift */; };
		474BB2D027D278E7005FB09B /* SceneDelegate.swift in Sources */ = {isa = PBXBuildFile; fileRef = 474BB2CF27D278E7005FB09B /* SceneDelegate.swift */; };
		474BB2D227D278E7005FB09B /* ViewController.swift in Sources */ = {isa = PBXBuildFile; fileRef = 474BB2D127D278E7005FB09B /* ViewController.swift */; };
		474BB2D527D278E7005FB09B /* Main.storyboard in Resources */ = {isa = PBXBuildFile; fileRef = 474BB2D327D278E7005FB09B /* Main.storyboard */; };
		474BB2D827D278E7005FB09B /* FinanceApp.xcdatamodeld in Sources */ = {isa = PBXBuildFile; fileRef = 474BB2D627D278E7005FB09B /* FinanceApp.xcdatamodeld */; };
		474BB2DA27D278E8005FB09B /* Assets.xcassets in Resources */ = {isa = PBXBuildFile; fileRef = 474BB2D927D278E8005FB09B /* Assets.xcassets */; };
		474BB2DD27D278E8005FB09B /* LaunchScreen.storyboard in Resources */ = {isa = PBXBuildFile; fileRef = 474BB2DB27D278E8005FB09B /* LaunchScreen.storyboard */; };
		474BB2E827D278E8005FB09B /* FinanceAppTests.swift in Sources */ = {isa = PBXBuildFile; fileRef = 474BB2E727D278E8005FB09B /* FinanceAppTests.swift */; };
		474BB2F227D278E8005FB09B /* FinanceAppUITests.swift in Sources */ = {isa = PBXBuildFile; fileRef = 474BB2F127D278E8005FB09B /* FinanceAppUITests.swift */; };
		474BB2F427D278E8005FB09B /* FinanceAppUITestsLaunchTests.swift in Sources */ = {isa = PBXBuildFile; fileRef = 474BB2F327D278E8005FB09B /* FinanceAppUITestsLaunchTests.swift */; };
		474BB30527D28AFB005FB09B /* LoansMortgageViewController.swift in Sources */ = {isa = PBXBuildFile; fileRef = 474BB30427D28AFB005FB09B /* LoansMortgageViewController.swift */; };
		474BB30727D29471005FB09B /* SimpleSavingViewController.swift in Sources */ = {isa = PBXBuildFile; fileRef = 474BB30627D29471005FB09B /* SimpleSavingViewController.swift */; };
/* End PBXBuildFile section */

/* Begin PBXContainerItemProxy section */
		474BB2E427D278E8005FB09B /* PBXContainerItemProxy */ = {
			isa = PBXContainerItemProxy;
			containerPortal = 474BB2C227D278E7005FB09B /* Project object */;
			proxyType = 1;
			remoteGlobalIDString = 474BB2C927D278E7005FB09B;
			remoteInfo = FinanceApp;
		};
		474BB2EE27D278E8005FB09B /* PBXContainerItemProxy */ = {
			isa = PBXContainerItemProxy;
			containerPortal = 474BB2C227D278E7005FB09B /* Project object */;
			proxyType = 1;
			remoteGlobalIDString = 474BB2C927D278E7005FB09B;
			remoteInfo = FinanceApp;
		};
/* End PBXContainerItemProxy section */

/* Begin PBXFileReference section */
		470D391527D640B3007F01E0 /* HelpGuideViewController.swift */ = {isa = PBXFileReference; lastKnownFileType = sourcecode.swift; path = HelpGuideViewController.swift; sourceTree = "<group>"; };
		4744FC8627D5604D001C9FC7 /* CompoundSavingViewController.swift */ = {isa = PBXFileReference; lastKnownFileType = sourcecode.swift; path = CompoundSavingViewController.swift; sourceTree = "<group>"; };
		474BB2CA27D278E7005FB09B /* FinanceApp.app */ = {isa = PBXFileReference; explicitFileType = wrapper.application; includeInIndex = 0; path = FinanceApp.app; sourceTree = BUILT_PRODUCTS_DIR; };
		474BB2CD27D278E7005FB09B /* AppDelegate.swift */ = {isa = PBXFileReference; lastKnownFileType = sourcecode.swift; path = AppDelegate.swift; sourceTree = "<group>"; };
		474BB2CF27D278E7005FB09B /* SceneDelegate.swift */ = {isa = PBXFileReference; lastKnownFileType = sourcecode.swift; path = SceneDelegate.swift; sourceTree = "<group>"; };
		474BB2D127D278E7005FB09B /* ViewController.swift */ = {isa = PBXFileReference; lastKnownFileType = sourcecode.swift; path = ViewController.swift; sourceTree = "<group>"; };
		474BB2D427D278E7005FB09B /* Base */ = {isa = PBXFileReference; lastKnownFileType = file.storyboard; name = Base; path = Base.lproj/Main.storyboard; sourceTree = "<group>"; };
		474BB2D727D278E7005FB09B /* FinanceApp.xcdatamodel */ = {isa = PBXFileReference; lastKnownFileType = wrapper.xcdatamodel; path = FinanceApp.xcdatamodel; sourceTree = "<group>"; };
		474BB2D927D278E8005FB09B /* Assets.xcassets */ = {isa = PBXFileReference; lastKnownFileType = folder.assetcatalog; path = Assets.xcassets; sourceTree = "<group>"; };
		474BB2DC27D278E8005FB09B /* Base */ = {isa = PBXFileReference; lastKnownFileType = file.storyboard; name = Base; path = Base.lproj/LaunchScreen.storyboard; sourceTree = "<group>"; };
		474BB2DE27D278E8005FB09B /* Info.plist */ = {isa = PBXFileReference; lastKnownFileType = text.plist.xml; path = Info.plist; sourceTree = "<group>"; };
		474BB2E327D278E8005FB09B /* FinanceAppTests.xctest */ = {isa = PBXFileReference; explicitFileType = wrapper.cfbundle; includeInIndex = 0; path = FinanceAppTests.xctest; sourceTree = BUILT_PRODUCTS_DIR; };
		474BB2E727D278E8005FB09B /* FinanceAppTests.swift */ = {isa = PBXFileReference; lastKnownFileType = sourcecode.swift; path = FinanceAppTests.swift; sourceTree = "<group>"; };
		474BB2ED27D278E8005FB09B /* FinanceAppUITests.xctest */ = {isa = PBXFileReference; explicitFileType = wrapper.cfbundle; includeInIndex = 0; path = FinanceAppUITests.xctest; sourceTree = BUILT_PRODUCTS_DIR; };
		474BB2F127D278E8005FB09B /* FinanceAppUITests.swift */ = {isa = PBXFileReference; lastKnownFileType = sourcecode.swift; path = FinanceAppUITests.swift; sourceTree = "<group>"; };
		474BB2F327D278E8005FB09B /* FinanceAppUITestsLaunchTests.swift */ = {isa = PBXFileReference; lastKnownFileType = sourcecode.swift; path = FinanceAppUITestsLaunchTests.swift; sourceTree = "<group>"; };
		474BB30427D28AFB005FB09B /* LoansMortgageViewController.swift */ = {isa = PBXFileReference; lastKnownFileType = sourcecode.swift; path = LoansMortgageViewController.swift; sourceTree = "<group>"; };
		474BB30627D29471005FB09B /* SimpleSavingViewController.swift */ = {isa = PBXFileReference; lastKnownFileType = sourcecode.swift; path = SimpleSavingViewController.swift; sourceTree = "<group>"; };
/* End PBXFileReference section */

/* Begin PBXFrameworksBuildPhase section */
		474BB2C727D278E7005FB09B /* Frameworks */ = {
			isa = PBXFrameworksBuildPhase;
			buildActionMask = 2147483647;
			files = (
			);
			runOnlyForDeploymentPostprocessing = 0;
		};
		474BB2E027D278E8005FB09B /* Frameworks */ = {
			isa = PBXFrameworksBuildPhase;
			buildActionMask = 2147483647;
			files = (
			);
			runOnlyForDeploymentPostprocessing = 0;
		};
		474BB2EA27D278E8005FB09B /* Frameworks */ = {
			isa = PBXFrameworksBuildPhase;
			buildActionMask = 2147483647;
			files = (
			);
			runOnlyForDeploymentPostprocessing = 0;
		};
/* End PBXFrameworksBuildPhase section */

/* Begin PBXGroup section */
		474BB2C127D278E7005FB09B = {
			isa = PBXGroup;
			children = (
				474BB2CC27D278E7005FB09B /* FinanceApp */,
				474BB2E627D278E8005FB09B /* FinanceAppTests */,
				474BB2F027D278E8005FB09B /* FinanceAppUITests */,
				474BB2CB27D278E7005FB09B /* Products */,
			);
			sourceTree = "<group>";
		};
		474BB2CB27D278E7005FB09B /* Products */ = {
			isa = PBXGroup;
			children = (
				474BB2CA27D278E7005FB09B /* FinanceApp.app */,
				474BB2E327D278E8005FB09B /* FinanceAppTests.xctest */,
				474BB2ED27D278E8005FB09B /* FinanceAppUITests.xctest */,
			);
			name = Products;
			sourceTree = "<group>";
		};
		474BB2CC27D278E7005FB09B /* FinanceApp */ = {
			isa = PBXGroup;
			children = (
				474BB2CD27D278E7005FB09B /* AppDelegate.swift */,
				474BB2CF27D278E7005FB09B /* SceneDelegate.swift */,
				474BB2D127D278E7005FB09B /* ViewController.swift */,
				474BB2D327D278E7005FB09B /* Main.storyboard */,
				474BB2D927D278E8005FB09B /* Assets.xcassets */,
				474BB2DB27D278E8005FB09B /* LaunchScreen.storyboard */,
				474BB2DE27D278E8005FB09B /* Info.plist */,
				474BB2D627D278E7005FB09B /* FinanceApp.xcdatamodeld */,
				474BB30427D28AFB005FB09B /* LoansMortgageViewController.swift */,
				474BB30627D29471005FB09B /* SimpleSavingViewController.swift */,
				4744FC8627D5604D001C9FC7 /* CompoundSavingViewController.swift */,
				470D391527D640B3007F01E0 /* HelpGuideViewController.swift */,
			);
			path = FinanceApp;
			sourceTree = "<group>";
		};
		474BB2E627D278E8005FB09B /* FinanceAppTests */ = {
			isa = PBXGroup;
			children = (
				474BB2E727D278E8005FB09B /* FinanceAppTests.swift */,
			);
			path = FinanceAppTests;
			sourceTree = "<group>";
		};
		474BB2F027D278E8005FB09B /* FinanceAppUITests */ = {
			isa = PBXGroup;
			children = (
				474BB2F127D278E8005FB09B /* FinanceAppUITests.swift */,
				474BB2F327D278E8005FB09B /* FinanceAppUITestsLaunchTests.swift */,
			);
			path = FinanceAppUITests;
			sourceTree = "<group>";
		};
/* End PBXGroup section */

/* Begin PBXNativeTarget section */
		474BB2C927D278E7005FB09B /* FinanceApp */ = {
			isa = PBXNativeTarget;
			buildConfigurationList = 474BB2F727D278E8005FB09B /* Build configuration list for PBXNativeTarget "FinanceApp" */;
			buildPhases = (
				474BB2C627D278E7005FB09B /* Sources */,
				474BB2C727D278E7005FB09B /* Frameworks */,
				474BB2C827D278E7005FB09B /* Resources */,
			);
			buildRules = (
			);
			dependencies = (
			);
			name = FinanceApp;
			productName = FinanceApp;
			productReference = 474BB2CA27D278E7005FB09B /* FinanceApp.app */;
			productType = "com.apple.product-type.application";
		};
		474BB2E227D278E8005FB09B /* FinanceAppTests */ = {
			isa = PBXNativeTarget;
			buildConfigurationList = 474BB2FA27D278E8005FB09B /* Build configuration list for PBXNativeTarget "FinanceAppTests" */;
			buildPhases = (
				474BB2DF27D278E8005FB09B /* Sources */,
				474BB2E027D278E8005FB09B /* Frameworks */,
				474BB2E127D278E8005FB09B /* Resources */,
			);
			buildRules = (
			);
			dependencies = (
				474BB2E527D278E8005FB09B /* PBXTargetDependency */,
			);
			name = FinanceAppTests;
			productName = FinanceAppTests;
			productReference = 474BB2E327D278E8005FB09B /* FinanceAppTests.xctest */;
			productType = "com.apple.product-type.bundle.unit-test";
		};
		474BB2EC27D278E8005FB09B /* FinanceAppUITests */ = {
			isa = PBXNativeTarget;
			buildConfigurationList = 474BB2FD27D278E8005FB09B /* Build configuration list for PBXNativeTarget "FinanceAppUITests" */;
			buildPhases = (
				474BB2E927D278E8005FB09B /* Sources */,
				474BB2EA27D278E8005FB09B /* Frameworks */,
				474BB2EB27D278E8005FB09B /* Resources */,
			);
			buildRules = (
			);
			dependencies = (
				474BB2EF27D278E8005FB09B /* PBXTargetDependency */,
			);
			name = FinanceAppUITests;
			productName = FinanceAppUITests;
			productReference = 474BB2ED27D278E8005FB09B /* FinanceAppUITests.xctest */;
			productType = "com.apple.product-type.bundle.ui-testing";
		};
/* End PBXNativeTarget section */

/* Begin PBXProject section */
		474BB2C227D278E7005FB09B /* Project object */ = {
			isa = PBXProject;
			attributes = {
				BuildIndependentTargetsInParallel = 1;
				LastSwiftUpdateCheck = 1300;
				LastUpgradeCheck = 1300;
				TargetAttributes = {
					474BB2C927D278E7005FB09B = {
						CreatedOnToolsVersion = 13.0;
					};
					474BB2E227D278E8005FB09B = {
						CreatedOnToolsVersion = 13.0;
						TestTargetID = 474BB2C927D278E7005FB09B;
					};
					474BB2EC27D278E8005FB09B = {
						CreatedOnToolsVersion = 13.0;
						TestTargetID = 474BB2C927D278E7005FB09B;
					};
				};
			};
			buildConfigurationList = 474BB2C527D278E7005FB09B /* Build configuration list for PBXProject "FinanceApp" */;
			compatibilityVersion = "Xcode 13.0";
			developmentRegion = en;
			hasScannedForEncodings = 0;
			knownRegions = (
				en,
				Base,
			);
			mainGroup = 474BB2C127D278E7005FB09B;
			productRefGroup = 474BB2CB27D278E7005FB09B /* Products */;
			projectDirPath = "";
			projectRoot = "";
			targets = (
				474BB2C927D278E7005FB09B /* FinanceApp */,
				474BB2E227D278E8005FB09B /* FinanceAppTests */,
				474BB2EC27D278E8005FB09B /* FinanceAppUITests */,
			);
		};
/* End PBXProject section */

/* Begin PBXResourcesBuildPhase section */
		474BB2C827D278E7005FB09B /* Resources */ = {
			isa = PBXResourcesBuildPhase;
			buildActionMask = 2147483647;
			files = (
				474BB2DD27D278E8005FB09B /* LaunchScreen.storyboard in Resources */,
				474BB2DA27D278E8005FB09B /* Assets.xcassets in Resources */,
				474BB2D527D278E7005FB09B /* Main.storyboard in Resources */,
			);
			runOnlyForDeploymentPostprocessing = 0;
		};
		474BB2E127D278E8005FB09B /* Resources */ = {
			isa = PBXResourcesBuildPhase;
			buildActionMask = 2147483647;
			files = (
			);
			runOnlyForDeploymentPostprocessing = 0;
		};
		474BB2EB27D278E8005FB09B /* Resources */ = {
			isa = PBXResourcesBuildPhase;
			buildActionMask = 2147483647;
			files = (
			);
			runOnlyForDeploymentPostprocessing = 0;
		};
/* End PBXResourcesBuildPhase section */

/* Begin PBXSourcesBuildPhase section */
		474BB2C627D278E7005FB09B /* Sources */ = {
			isa = PBXSourcesBuildPhase;
			buildActionMask = 2147483647;
			files = (
				474BB30527D28AFB005FB09B /* LoansMortgageViewController.swift in Sources */,
				474BB2D827D278E7005FB09B /* FinanceApp.xcdatamodeld in Sources */,
				474BB30727D29471005FB09B /* SimpleSavingViewController.swift in Sources */,
				470D391627D640B3007F01E0 /* HelpGuideViewController.swift in Sources */,
				474BB2D227D278E7005FB09B /* ViewController.swift in Sources */,
				4744FC8727D5604D001C9FC7 /* CompoundSavingViewController.swift in Sources */,
				474BB2CE27D278E7005FB09B /* AppDelegate.swift in Sources */,
				474BB2D027D278E7005FB09B /* SceneDelegate.swift in Sources */,
			);
			runOnlyForDeploymentPostprocessing = 0;
		};
		474BB2DF27D278E8005FB09B /* Sources */ = {
			isa = PBXSourcesBuildPhase;
			buildActionMask = 2147483647;
			files = (
				474BB2E827D278E8005FB09B /* FinanceAppTests.swift in Sources */,
			);
			runOnlyForDeploymentPostprocessing = 0;
		};
		474BB2E927D278E8005FB09B /* Sources */ = {
			isa = PBXSourcesBuildPhase;
			buildActionMask = 2147483647;
			files = (
				474BB2F227D278E8005FB09B /* FinanceAppUITests.swift in Sources */,
				474BB2F427D278E8005FB09B /* FinanceAppUITestsLaunchTests.swift in Sources */,
			);
			runOnlyForDeploymentPostprocessing = 0;
		};
/* End PBXSourcesBuildPhase section */

/* Begin PBXTargetDependency section */
		474BB2E527D278E8005FB09B /* PBXTargetDependency */ = {
			isa = PBXTargetDependency;
			target = 474BB2C927D278E7005FB09B /* FinanceApp */;
			targetProxy = 474BB2E427D278E8005FB09B /* PBXContainerItemProxy */;
		};
		474BB2EF27D278E8005FB09B /* PBXTargetDependency */ = {
			isa = PBXTargetDependency;
			target = 474BB2C927D278E7005FB09B /* FinanceApp */;
			targetProxy = 474BB2EE27D278E8005FB09B /* PBXContainerItemProxy */;
		};
/* End PBXTargetDependency section */

/* Begin PBXVariantGroup section */
		474BB2D327D278E7005FB09B /* Main.storyboard */ = {
			isa = PBXVariantGroup;
			children = (
				474BB2D427D278E7005FB09B /* Base */,
			);
			name = Main.storyboard;
			sourceTree = "<group>";
		};
		474BB2DB27D278E8005FB09B /* LaunchScreen.storyboard */ = {
			isa = PBXVariantGroup;
			children = (
				474BB2DC27D278E8005FB09B /* Base */,
			);
			name = LaunchScreen.storyboard;
			sourceTree = "<group>";
		};
/* End PBXVariantGroup section */

/* Begin XCBuildConfiguration section */
		474BB2F527D278E8005FB09B /* Debug */ = {
			isa = XCBuildConfiguration;
			buildSettings = {
				ALWAYS_SEARCH_USER_PATHS = NO;
				CLANG_ANALYZER_NONNULL = YES;
				CLANG_ANALYZER_NUMBER_OBJECT_CONVERSION = YES_AGGRESSIVE;
				CLANG_CXX_LANGUAGE_STANDARD = "gnu++17";
				CLANG_CXX_LIBRARY = "libc++";
				CLANG_ENABLE_MODULES = YES;
				CLANG_ENABLE_OBJC_ARC = YES;
				CLANG_ENABLE_OBJC_WEAK = YES;
				CLANG_WARN_BLOCK_CAPTURE_AUTORELEASING = YES;
				CLANG_WARN_BOOL_CONVERSION = YES;
				CLANG_WARN_COMMA = YES;
				CLANG_WARN_CONSTANT_CONVERSION = YES;
				CLANG_WARN_DEPRECATED_OBJC_IMPLEMENTATIONS = YES;
				CLANG_WARN_DIRECT_OBJC_ISA_USAGE = YES_ERROR;
				CLANG_WARN_DOCUMENTATION_COMMENTS = YES;
				CLANG_WARN_EMPTY_BODY = YES;
				CLANG_WARN_ENUM_CONVERSION = YES;
				CLANG_WARN_INFINITE_RECURSION = YES;
				CLANG_WARN_INT_CONVERSION = YES;
				CLANG_WARN_NON_LITERAL_NULL_CONVERSION = YES;
				CLANG_WARN_OBJC_IMPLICIT_RETAIN_SELF = YES;
				CLANG_WARN_OBJC_LITERAL_CONVERSION = YES;
				CLANG_WARN_OBJC_ROOT_CLASS = YES_ERROR;
				CLANG_WARN_QUOTED_INCLUDE_IN_FRAMEWORK_HEADER = YES;
				CLANG_WARN_RANGE_LOOP_ANALYSIS = YES;
				CLANG_WARN_STRICT_PROTOTYPES = YES;
				CLANG_WARN_SUSPICIOUS_MOVE = YES;
				CLANG_WARN_UNGUARDED_AVAILABILITY = YES_AGGRESSIVE;
				CLANG_WARN_UNREACHABLE_CODE = YES;
				CLANG_WARN__DUPLICATE_METHOD_MATCH = YES;
				COPY_PHASE_STRIP = NO;
				DEBUG_INFORMATION_FORMAT = dwarf;
				ENABLE_STRICT_OBJC_MSGSEND = YES;
				ENABLE_TESTABILITY = YES;
				GCC_C_LANGUAGE_STANDARD = gnu11;
				GCC_DYNAMIC_NO_PIC = NO;
				GCC_NO_COMMON_BLOCKS = YES;
				GCC_OPTIMIZATION_LEVEL = 0;
				GCC_PREPROCESSOR_DEFINITIONS = (
					"DEBUG=1",
					"$(inherited)",
				);
				GCC_WARN_64_TO_32_BIT_CONVERSION = YES;
				GCC_WARN_ABOUT_RETURN_TYPE = YES_ERROR;
				GCC_WARN_UNDECLARED_SELECTOR = YES;
				GCC_WARN_UNINITIALIZED_AUTOS = YES_AGGRESSIVE;
				GCC_WARN_UNUSED_FUNCTION = YES;
				GCC_WARN_UNUSED_VARIABLE = YES;
				IPHONEOS_DEPLOYMENT_TARGET = 15.0;
				MTL_ENABLE_DEBUG_INFO = INCLUDE_SOURCE;
				MTL_FAST_MATH = YES;
				ONLY_ACTIVE_ARCH = YES;
				SDKROOT = iphoneos;
				SWIFT_ACTIVE_COMPILATION_CONDITIONS = DEBUG;
				SWIFT_OPTIMIZATION_LEVEL = "-Onone";
			};
			name = Debug;
		};
		474BB2F627D278E8005FB09B /* Release */ = {
			isa = XCBuildConfiguration;
			buildSettings = {
				ALWAYS_SEARCH_USER_PATHS = NO;
				CLANG_ANALYZER_NONNULL = YES;
				CLANG_ANALYZER_NUMBER_OBJECT_CONVERSION = YES_AGGRESSIVE;
				CLANG_CXX_LANGUAGE_STANDARD = "gnu++17";
				CLANG_CXX_LIBRARY = "libc++";
				CLANG_ENABLE_MODULES = YES;
				CLANG_ENABLE_OBJC_ARC = YES;
				CLANG_ENABLE_OBJC_WEAK = YES;
				CLANG_WARN_BLOCK_CAPTURE_AUTORELEASING = YES;
				CLANG_WARN_BOOL_CONVERSION = YES;
				CLANG_WARN_COMMA = YES;
				CLANG_WARN_CONSTANT_CONVERSION = YES;
				CLANG_WARN_DEPRECATED_OBJC_IMPLEMENTATIONS = YES;
				CLANG_WARN_DIRECT_OBJC_ISA_USAGE = YES_ERROR;
				CLANG_WARN_DOCUMENTATION_COMMENTS = YES;
				CLANG_WARN_EMPTY_BODY = YES;
				CLANG_WARN_ENUM_CONVERSION = YES;
				CLANG_WARN_INFINITE_RECURSION = YES;
				CLANG_WARN_INT_CONVERSION = YES;
				CLANG_WARN_NON_LITERAL_NULL_CONVERSION = YES;
				CLANG_WARN_OBJC_IMPLICIT_RETAIN_SELF = YES;
				CLANG_WARN_OBJC_LITERAL_CONVERSION = YES;
				CLANG_WARN_OBJC_ROOT_CLASS = YES_ERROR;
				CLANG_WARN_QUOTED_INCLUDE_IN_FRAMEWORK_HEADER = YES;
				CLANG_WARN_RANGE_LOOP_ANALYSIS = YES;
				CLANG_WARN_STRICT_PROTOTYPES = YES;
				CLANG_WARN_SUSPICIOUS_MOVE = YES;
				CLANG_WARN_UNGUARDED_AVAILABILITY = YES_AGGRESSIVE;
				CLANG_WARN_UNREACHABLE_CODE = YES;
				CLANG_WARN__DUPLICATE_METHOD_MATCH = YES;
				COPY_PHASE_STRIP = NO;
				DEBUG_INFORMATION_FORMAT = "dwarf-with-dsym";
				ENABLE_NS_ASSERTIONS = NO;
				ENABLE_STRICT_OBJC_MSGSEND = YES;
				GCC_C_LANGUAGE_STANDARD = gnu11;
				GCC_NO_COMMON_BLOCKS = YES;
				GCC_WARN_64_TO_32_BIT_CONVERSION = YES;
				GCC_WARN_ABOUT_RETURN_TYPE = YES_ERROR;
				GCC_WARN_UNDECLARED_SELECTOR = YES;
				GCC_WARN_UNINITIALIZED_AUTOS = YES_AGGRESSIVE;
				GCC_WARN_UNUSED_FUNCTION = YES;
				GCC_WARN_UNUSED_VARIABLE = YES;
				IPHONEOS_DEPLOYMENT_TARGET = 15.0;
				MTL_ENABLE_DEBUG_INFO = NO;
				MTL_FAST_MATH = YES;
				SDKROOT = iphoneos;
				SWIFT_COMPILATION_MODE = wholemodule;
				SWIFT_OPTIMIZATION_LEVEL = "-O";
				VALIDATE_PRODUCT = YES;
			};
			name = Release;
		};
		474BB2F827D278E8005FB09B /* Debug */ = {
			isa = XCBuildConfiguration;
			buildSettings = {
				ASSETCATALOG_COMPILER_APPICON_NAME = AppIcon;
				ASSETCATALOG_COMPILER_GLOBAL_ACCENT_COLOR_NAME = AccentColor;
				CODE_SIGN_STYLE = Automatic;
				CURRENT_PROJECT_VERSION = 1;
				GENERATE_INFOPLIST_FILE = YES;
				INFOPLIST_FILE = FinanceApp/Info.plist;
				INFOPLIST_KEY_UIApplicationSupportsIndirectInputEvents = YES;
				INFOPLIST_KEY_UILaunchStoryboardName = LaunchScreen;
				INFOPLIST_KEY_UIMainStoryboardFile = Main;
				INFOPLIST_KEY_UISupportedInterfaceOrientations = UIInterfaceOrientationPortrait;
				INFOPLIST_KEY_UISupportedInterfaceOrientations_iPad = "UIInterfaceOrientationPortrait UIInterfaceOrientationPortraitUpsideDown UIInterfaceOrientationLandscapeLeft UIInterfaceOrientationLandscapeRight";
				INFOPLIST_KEY_UISupportedInterfaceOrientations_iPhone = "UIInterfaceOrientationPortrait UIInterfaceOrientationLandscapeLeft UIInterfaceOrientationLandscapeRight";
				LD_RUNPATH_SEARCH_PATHS = (
					"$(inherited)",
					"@executable_path/Frameworks",
				);
				MARKETING_VERSION = 1.0;
				PRODUCT_BUNDLE_IDENTIFIER = w1727389.FinanceApp;
				PRODUCT_NAME = "$(TARGET_NAME)";
				SWIFT_EMIT_LOC_STRINGS = YES;
				SWIFT_VERSION = 5.0;
				TARGETED_DEVICE_FAMILY = 1;
			};
			name = Debug;
		};
		474BB2F927D278E8005FB09B /* Release */ = {
			isa = XCBuildConfiguration;
			buildSettings = {
				ASSETCATALOG_COMPILER_APPICON_NAME = AppIcon;
				ASSETCATALOG_COMPILER_GLOBAL_ACCENT_COLOR_NAME = AccentColor;
				CODE_SIGN_STYLE = Automatic;
				CURRENT_PROJECT_VERSION = 1;
				GENERATE_INFOPLIST_FILE = YES;
				INFOPLIST_FILE = FinanceApp/Info.plist;
				INFOPLIST_KEY_UIApplicationSupportsIndirectInputEvents = YES;
				INFOPLIST_KEY_UILaunchStoryboardName = LaunchScreen;
				INFOPLIST_KEY_UIMainStoryboardFile = Main;
				INFOPLIST_KEY_UISupportedInterfaceOrientations = UIInterfaceOrientationPortrait;
				INFOPLIST_KEY_UISupportedInterfaceOrientations_iPad = "UIInterfaceOrientationPortrait UIInterfaceOrientationPortraitUpsideDown UIInterfaceOrientationLandscapeLeft UIInterfaceOrientationLandscapeRight";
				INFOPLIST_KEY_UISupportedInterfaceOrientations_iPhone = "UIInterfaceOrientationPortrait UIInterfaceOrientationLandscapeLeft UIInterfaceOrientationLandscapeRight";
				LD_RUNPATH_SEARCH_PATHS = (
					"$(inherited)",
					"@executable_path/Frameworks",
				);
				MARKETING_VERSION = 1.0;
				PRODUCT_BUNDLE_IDENTIFIER = w1727389.FinanceApp;
				PRODUCT_NAME = "$(TARGET_NAME)";
				SWIFT_EMIT_LOC_STRINGS = YES;
				SWIFT_VERSION = 5.0;
				TARGETED_DEVICE_FAMILY = 1;
			};
			name = Release;
		};
		474BB2FB27D278E8005FB09B /* Debug */ = {
			isa = XCBuildConfiguration;
			buildSettings = {
				ALWAYS_EMBED_SWIFT_STANDARD_LIBRARIES = YES;
				BUNDLE_LOADER = "$(TEST_HOST)";
				CODE_SIGN_STYLE = Automatic;
				CURRENT_PROJECT_VERSION = 1;
				GENERATE_INFOPLIST_FILE = YES;
				IPHONEOS_DEPLOYMENT_TARGET = 15.0;
				LD_RUNPATH_SEARCH_PATHS = (
					"$(inherited)",
					"@executable_path/Frameworks",
					"@loader_path/Frameworks",
				);
				MARKETING_VERSION = 1.0;
				PRODUCT_BUNDLE_IDENTIFIER = w1727389.FinanceAppTests;
				PRODUCT_NAME = "$(TARGET_NAME)";
				SWIFT_EMIT_LOC_STRINGS = NO;
				SWIFT_VERSION = 5.0;
				TARGETED_DEVICE_FAMILY = "1,2";
				TEST_HOST = "$(BUILT_PRODUCTS_DIR)/FinanceApp.app/FinanceApp";
			};
			name = Debug;
		};
		474BB2FC27D278E8005FB09B /* Release */ = {
			isa = XCBuildConfiguration;
			buildSettings = {
				ALWAYS_EMBED_SWIFT_STANDARD_LIBRARIES = YES;
				BUNDLE_LOADER = "$(TEST_HOST)";
				CODE_SIGN_STYLE = Automatic;
				CURRENT_PROJECT_VERSION = 1;
				GENERATE_INFOPLIST_FILE = YES;
				IPHONEOS_DEPLOYMENT_TARGET = 15.0;
				LD_RUNPATH_SEARCH_PATHS = (
					"$(inherited)",
					"@executable_path/Frameworks",
					"@loader_path/Frameworks",
				);
				MARKETING_VERSION = 1.0;
				PRODUCT_BUNDLE_IDENTIFIER = w1727389.FinanceAppTests;
				PRODUCT_NAME = "$(TARGET_NAME)";
				SWIFT_EMIT_LOC_STRINGS = NO;
				SWIFT_VERSION = 5.0;
				TARGETED_DEVICE_FAMILY = "1,2";
				TEST_HOST = "$(BUILT_PRODUCTS_DIR)/FinanceApp.app/FinanceApp";
			};
			name = Release;
		};
		474BB2FE27D278E8005FB09B /* Debug */ = {
			isa = XCBuildConfiguration;
			buildSettings = {
				ALWAYS_EMBED_SWIFT_STANDARD_LIBRARIES = YES;
				CODE_SIGN_STYLE = Automatic;
				CURRENT_PROJECT_VERSION = 1;
				GENERATE_INFOPLIST_FILE = YES;
				LD_RUNPATH_SEARCH_PATHS = (
					"$(inherited)",
					"@executable_path/Frameworks",
					"@loader_path/Frameworks",
				);
				MARKETING_VERSION = 1.0;
				PRODUCT_BUNDLE_IDENTIFIER = w1727389.FinanceAppUITests;
				PRODUCT_NAME = "$(TARGET_NAME)";
				SWIFT_EMIT_LOC_STRINGS = NO;
				SWIFT_VERSION = 5.0;
				TARGETED_DEVICE_FAMILY = "1,2";
				TEST_TARGET_NAME = FinanceApp;
			};
			name = Debug;
		};
		474BB2FF27D278E8005FB09B /* Release */ = {
			isa = XCBuildConfiguration;
			buildSettings = {
				ALWAYS_EMBED_SWIFT_STANDARD_LIBRARIES = YES;
				CODE_SIGN_STYLE = Automatic;
				CURRENT_PROJECT_VERSION = 1;
				GENERATE_INFOPLIST_FILE = YES;
				LD_RUNPATH_SEARCH_PATHS = (
					"$(inherited)",
					"@executable_path/Frameworks",
					"@loader_path/Frameworks",
				);
				MARKETING_VERSION = 1.0;
				PRODUCT_BUNDLE_IDENTIFIER = w1727389.FinanceAppUITests;
				PRODUCT_NAME = "$(TARGET_NAME)";
				SWIFT_EMIT_LOC_STRINGS = NO;
				SWIFT_VERSION = 5.0;
				TARGETED_DEVICE_FAMILY = "1,2";
				TEST_TARGET_NAME = FinanceApp;
			};
			name = Release;
		};
/* End XCBuildConfiguration section */

/* Begin XCConfigurationList section */
		474BB2C527D278E7005FB09B /* Build configuration list for PBXProject "FinanceApp" */ = {
			isa = XCConfigurationList;
			buildConfigurations = (
				474BB2F527D278E8005FB09B /* Debug */,
				474BB2F627D278E8005FB09B /* Release */,
			);
			defaultConfigurationIsVisible = 0;
			defaultConfigurationName = Release;
		};
		474BB2F727D278E8005FB09B /* Build configuration list for PBXNativeTarget "FinanceApp" */ = {
			isa = XCConfigurationList;
			buildConfigurations = (
				474BB2F827D278E8005FB09B /* Debug */,
				474BB2F927D278E8005FB09B /* Release */,
			);
			defaultConfigurationIsVisible = 0;
			defaultConfigurationName = Release;
		};
		474BB2FA27D278E8005FB09B /* Build configuration list for PBXNativeTarget "FinanceAppTests" */ = {
			isa = XCConfigurationList;
			buildConfigurations = (
				474BB2FB27D278E8005FB09B /* Debug */,
				474BB2FC27D278E8005FB09B /* Release */,
			);
			defaultConfigurationIsVisible = 0;
			defaultConfigurationName = Release;
		};
		474BB2FD27D278E8005FB09B /* Build configuration list for PBXNativeTarget "FinanceAppUITests" */ = {
			isa = XCConfigurationList;
			buildConfigurations = (
				474BB2FE27D278E8005FB09B /* Debug */,
				474BB2FF27D278E8005FB09B /* Release */,
			);
			defaultConfigurationIsVisible = 0;
			defaultConfigurationName = Release;
		};
/* End XCConfigurationList section */

/* Begin XCVersionGroup section */
		474BB2D627D278E7005FB09B /* FinanceApp.xcdatamodeld */ = {
			isa = XCVersionGroup;
			children = (
				474BB2D727D278E7005FB09B /* FinanceApp.xcdatamodel */,
			);
			currentVersion = 474BB2D727D278E7005FB09B /* FinanceApp.xcdatamodel */;
			path = FinanceApp.xcdatamodeld;
			sourceTree = "<group>";
			versionGroupType = wrapper.xcdatamodel;
		};
/* End XCVersionGroup section */
	};
	rootObject = 474BB2C227D278E7005FB09B /* Project object */;
}
